
Microsoft Visual Studio Solution File, Format Version 12.00
# Visual Studio 15
VisualStudioVersion = 15.0.27703.2035
MinimumVisualStudioVersion = 10.0.40219.1
Project("{FAE04EC0-301F-11D3-BF4B-00C04F79EFBC}") = "Test", "Test\Test.csproj", "{062B2C1A-CC09-40DB-BE28-12695F2AA3D7}"
EndProject
Global
	GlobalSection(SolutionConfigurationPlatforms) = preSolution
		Debug|Any CPU = Debug|Any CPU
		Release|Any CPU = Release|Any CPU
	EndGlobalSection
	GlobalSection(ProjectConfigurationPlatforms) = postSolution
		{062B2C1A-CC09-40DB-BE28-12695F2AA3D7}.Debug|Any CPU.ActiveCfg = Debug|Any CPU
		{062B2C1A-CC09-40DB-BE28-12695F2AA3D7}.Debug|Any CPU.Build.0 = Debug|Any CPU
		{062B2C1A-CC09-40DB-BE28-12695F2AA3D7}.Release|Any CPU.ActiveCfg = Release|Any CPU
		{062B2C1A-CC09-40DB-BE28-12695F2AA3D7}.Release|Any CPU.Build.0 = Release|Any CPU
	EndGlobalSection
	GlobalSection(SolutionProperties) = preSolution
		HideSolutionNode = FALSE
	EndGlobalSection
	GlobalSection(ExtensibilityGlobals) = postSolution
		SolutionGuid = {48540DA7-8095-417F-8656-F210B68EEBC7}
	EndGlobalSection
EndGlobal
